
Microsoft Visual Studio Solution File, Format Version 12.00
# Visual Studio Version 17
VisualStudioVersion = 17.3.32811.315
MinimumVisualStudioVersion = 10.0.40219.1
Project("{9A19103F-16F7-4668-BE54-9A1E7A4F7556}") = "appiumemail", "appiumemail.csproj", "{121AE7A3-38F8-4050-83F9-077BEA111FC7}"
EndProject
Global
	GlobalSection(SolutionConfigurationPlatforms) = preSolution
		Debug|Any CPU = Debug|Any CPU
		Release|Any CPU = Release|Any CPU
	EndGlobalSection
	GlobalSection(ProjectConfigurationPlatforms) = postSolution
		{121AE7A3-38F8-4050-83F9-077BEA111FC7}.Debug|Any CPU.ActiveCfg = Debug|Any CPU
		{121AE7A3-38F8-4050-83F9-077BEA111FC7}.Debug|Any CPU.Build.0 = Debug|Any CPU
		{121AE7A3-38F8-4050-83F9-077BEA111FC7}.Release|Any CPU.ActiveCfg = Release|Any CPU
		{121AE7A3-38F8-4050-83F9-077BEA111FC7}.Release|Any CPU.Build.0 = Release|Any CPU
	EndGlobalSection
	GlobalSection(SolutionProperties) = preSolution
		HideSolutionNode = FALSE
	EndGlobalSection
	GlobalSection(ExtensibilityGlobals) = postSolution
		SolutionGuid = {B3AC7C3A-1657-4209-A247-A9E36FACC582}
	EndGlobalSection
EndGlobal
